
Microsoft Visual Studio Solution File, Format Version 12.00
# Visual Studio Version 17
VisualStudioVersion = 17.4.33205.214
MinimumVisualStudioVersion = 10.0.40219.1
Project("{9A19103F-16F7-4668-BE54-9A1E7A4F7556}") = "miTienda", "miTienda.csproj", "{AA3BF0DF-01A9-452B-A503-589197EFF808}"
EndProject
Global
	GlobalSection(SolutionConfigurationPlatforms) = preSolution
		Debug|Any CPU = Debug|Any CPU
		Release|Any CPU = Release|Any CPU
	EndGlobalSection
	GlobalSection(ProjectConfigurationPlatforms) = postSolution
		{AA3BF0DF-01A9-452B-A503-589197EFF808}.Debug|Any CPU.ActiveCfg = Debug|Any CPU
		{AA3BF0DF-01A9-452B-A503-589197EFF808}.Debug|Any CPU.Build.0 = Debug|Any CPU
		{AA3BF0DF-01A9-452B-A503-589197EFF808}.Release|Any CPU.ActiveCfg = Release|Any CPU
		{AA3BF0DF-01A9-452B-A503-589197EFF808}.Release|Any CPU.Build.0 = Release|Any CPU
	EndGlobalSection
	GlobalSection(SolutionProperties) = preSolution
		HideSolutionNode = FALSE
	EndGlobalSection
	GlobalSection(ExtensibilityGlobals) = postSolution
		SolutionGuid = {5AAA3F62-C9DD-48DB-B89C-EA3FFB2A5FE6}
	EndGlobalSection
EndGlobal
